
Microsoft Visual Studio Solution File, Format Version 12.00
# Visual Studio Version 17
VisualStudioVersion = 17.4.33205.214
MinimumVisualStudioVersion = 10.0.40219.1
Project("{FAE04EC0-301F-11D3-BF4B-00C04F79EFBC}") = "Website_Laptop", "Website_Laptop\Website_Laptop.csproj", "{B56851BC-3557-4119-82EE-2F1BA508C01E}"
EndProject
Global
	GlobalSection(SolutionConfigurationPlatforms) = preSolution
		Debug|Any CPU = Debug|Any CPU
		Release|Any CPU = Release|Any CPU
	EndGlobalSection
	GlobalSection(ProjectConfigurationPlatforms) = postSolution
		{B56851BC-3557-4119-82EE-2F1BA508C01E}.Debug|Any CPU.ActiveCfg = Debug|Any CPU
		{B56851BC-3557-4119-82EE-2F1BA508C01E}.Debug|Any CPU.Build.0 = Debug|Any CPU
		{B56851BC-3557-4119-82EE-2F1BA508C01E}.Release|Any CPU.ActiveCfg = Release|Any CPU
		{B56851BC-3557-4119-82EE-2F1BA508C01E}.Release|Any CPU.Build.0 = Release|Any CPU
	EndGlobalSection
	GlobalSection(SolutionProperties) = preSolution
		HideSolutionNode = FALSE
	EndGlobalSection
	GlobalSection(ExtensibilityGlobals) = postSolution
		SolutionGuid = {F858055C-444F-4A2A-AFF5-DA6FEC195443}
	EndGlobalSection
EndGlobal
